Microsoft Visual Studio Solution File, Format Version 12.00
# Visual Studio Version 17
VisualStudioVersion = 17.5.2.0
MinimumVisualStudioVersion = 10.0.40219.1
Project("{FAE04EC0-301F-11D3-BF4B-00C04F79EFBC}") = "StoreBillingDesktop", "StoreBillingDesktop.csproj", "{4DBFBF70-48D4-5A8E-FC70-684B1BA2E2A3}"
EndProject
Global
	GlobalSection(SolutionConfigurationPlatforms) = preSolution
		Debug|Any CPU = Debug|Any CPU
		Release|Any CPU = Release|Any CPU
	EndGlobalSection
	GlobalSection(ProjectConfigurationPlatforms) = postSolution
		{4DBFBF70-48D4-5A8E-FC70-684B1BA2E2A3}.Debug|Any CPU.ActiveCfg = Debug|Any CPU
		{4DBFBF70-48D4-5A8E-FC70-684B1BA2E2A3}.Debug|Any CPU.Build.0 = Debug|Any CPU
		{4DBFBF70-48D4-5A8E-FC70-684B1BA2E2A3}.Release|Any CPU.ActiveCfg = Release|Any CPU
		{4DBFBF70-48D4-5A8E-FC70-684B1BA2E2A3}.Release|Any CPU.Build.0 = Release|Any CPU
	EndGlobalSection
	GlobalSection(SolutionProperties) = preSolution
		HideSolutionNode = FALSE
	EndGlobalSection
	GlobalSection(ExtensibilityGlobals) = postSolution
		SolutionGuid = {BAFA9B10-D6DE-4223-971C-B961402DD55D}
	EndGlobalSection
EndGlobal
